
Microsoft Visual Studio Solution File, Format Version 12.00
# Visual Studio Version 16
VisualStudioVersion = 16.0.29230.47
MinimumVisualStudioVersion = 10.0.40219.1
Project("{FAE04EC0-301F-11D3-BF4B-00C04F79EFBC}") = "Asg2_Analytics", "Asg2_Analytics.csproj", "{8C849AF8-F286-41FF-A2F5-D7A86C69E628}"
EndProject
Global
	GlobalSection(SolutionConfigurationPlatforms) = preSolution
		Debug|Any CPU = Debug|Any CPU
		Release|Any CPU = Release|Any CPU
	EndGlobalSection
	GlobalSection(ProjectConfigurationPlatforms) = postSolution
		{8C849AF8-F286-41FF-A2F5-D7A86C69E628}.Debug|Any CPU.ActiveCfg = Debug|Any CPU
		{8C849AF8-F286-41FF-A2F5-D7A86C69E628}.Debug|Any CPU.Build.0 = Debug|Any CPU
		{8C849AF8-F286-41FF-A2F5-D7A86C69E628}.Release|Any CPU.ActiveCfg = Release|Any CPU
		{8C849AF8-F286-41FF-A2F5-D7A86C69E628}.Release|Any CPU.Build.0 = Release|Any CPU
	EndGlobalSection
	GlobalSection(SolutionProperties) = preSolution
		HideSolutionNode = FALSE
	EndGlobalSection
	GlobalSection(ExtensibilityGlobals) = postSolution
		SolutionGuid = {A51F46F2-B909-446C-A5F7-9592F42F9AE4}
	EndGlobalSection
EndGlobal
